
Microsoft Visual Studio Solution File, Format Version 12.00
# Visual Studio Version 16
VisualStudioVersion = 16.0.30128.74
MinimumVisualStudioVersion = 15.0.26124.0
Project("{9A19103F-16F7-4668-BE54-9A1E7A4F7556}") = "API", "API\API.csproj", "{6F2B7D61-7C16-48EF-8CA7-BFF5F9DC4DEF}"
EndProject
Project("{FAE04EC0-301F-11D3-BF4B-00C04F79EFBC}") = "Infrastructure", "Infrastructure\Infrastructure.csproj", "{8594006E-A21F-4634-8BB5-FFE3FE85D634}"
EndProject
Project("{FAE04EC0-301F-11D3-BF4B-00C04F79EFBC}") = "Core", "Core\Core.csproj", "{EFB0E176-5E6E-4007-8552-A65C8B9B2100}"
EndProject
Global
	GlobalSection(SolutionConfigurationPlatforms) = preSolution
		Debug|Any CPU = Debug|Any CPU
		Debug|x64 = Debug|x64
		Debug|x86 = Debug|x86
		Release|Any CPU = Release|Any CPU
		Release|x64 = Release|x64
		Release|x86 = Release|x86
	EndGlobalSection
	GlobalSection(ProjectConfigurationPlatforms) = postSolution
		{6F2B7D61-7C16-48EF-8CA7-BFF5F9DC4DEF}.Debug|Any CPU.ActiveCfg = Debug|Any CPU
		{6F2B7D61-7C16-48EF-8CA7-BFF5F9DC4DEF}.Debug|Any CPU.Build.0 = Debug|Any CPU
		{6F2B7D61-7C16-48EF-8CA7-BFF5F9DC4DEF}.Debug|x64.ActiveCfg = Debug|Any CPU
		{6F2B7D61-7C16-48EF-8CA7-BFF5F9DC4DEF}.Debug|x64.Build.0 = Debug|Any CPU
		{6F2B7D61-7C16-48EF-8CA7-BFF5F9DC4DEF}.Debug|x86.ActiveCfg = Debug|Any CPU
		{6F2B7D61-7C16-48EF-8CA7-BFF5F9DC4DEF}.Debug|x86.Build.0 = Debug|Any CPU
		{6F2B7D61-7C16-48EF-8CA7-BFF5F9DC4DEF}.Release|Any CPU.ActiveCfg = Release|Any CPU
		{6F2B7D61-7C16-48EF-8CA7-BFF5F9DC4DEF}.Release|Any CPU.Build.0 = Release|Any CPU
		{6F2B7D61-7C16-48EF-8CA7-BFF5F9DC4DEF}.Release|x64.ActiveCfg = Release|Any CPU
		{6F2B7D61-7C16-48EF-8CA7-BFF5F9DC4DEF}.Release|x64.Build.0 = Release|Any CPU
		{6F2B7D61-7C16-48EF-8CA7-BFF5F9DC4DEF}.Release|x86.ActiveCfg = Release|Any CPU
		{6F2B7D61-7C16-48EF-8CA7-BFF5F9DC4DEF}.Release|x86.Build.0 = Release|Any CPU
		{8594006E-A21F-4634-8BB5-FFE3FE85D634}.Debug|Any CPU.ActiveCfg = Debug|Any CPU
		{8594006E-A21F-4634-8BB5-FFE3FE85D634}.Debug|Any CPU.Build.0 = Debug|Any CPU
		{8594006E-A21F-4634-8BB5-FFE3FE85D634}.Debug|x64.ActiveCfg = Debug|Any CPU
		{8594006E-A21F-4634-8BB5-FFE3FE85D634}.Debug|x64.Build.0 = Debug|Any CPU
		{8594006E-A21F-4634-8BB5-FFE3FE85D634}.Debug|x86.ActiveCfg = Debug|Any CPU
		{8594006E-A21F-4634-8BB5-FFE3FE85D634}.Debug|x86.Build.0 = Debug|Any CPU
		{8594006E-A21F-4634-8BB5-FFE3FE85D634}.Release|Any CPU.ActiveCfg = Release|Any CPU
		{8594006E-A21F-4634-8BB5-FFE3FE85D634}.Release|Any CPU.Build.0 = Release|Any CPU
		{8594006E-A21F-4634-8BB5-FFE3FE85D634}.Release|x64.ActiveCfg = Release|Any CPU
		{8594006E-A21F-4634-8BB5-FFE3FE85D634}.Release|x64.Build.0 = Release|Any CPU
		{8594006E-A21F-4634-8BB5-FFE3FE85D634}.Release|x86.ActiveCfg = Release|Any CPU
		{8594006E-A21F-4634-8BB5-FFE3FE85D634}.Release|x86.Build.0 = Release|Any CPU
		{EFB0E176-5E6E-4007-8552-A65C8B9B2100}.Debug|Any CPU.ActiveCfg = Debug|Any CPU
		{EFB0E176-5E6E-4007-8552-A65C8B9B2100}.Debug|Any CPU.Build.0 = Debug|Any CPU
		{EFB0E176-5E6E-4007-8552-A65C8B9B2100}.Debug|x64.ActiveCfg = Debug|Any CPU
		{EFB0E176-5E6E-4007-8552-A65C8B9B2100}.Debug|x64.Build.0 = Debug|Any CPU
		{EFB0E176-5E6E-4007-8552-A65C8B9B2100}.Debug|x86.ActiveCfg = Debug|Any CPU
		{EFB0E176-5E6E-4007-8552-A65C8B9B2100}.Debug|x86.Build.0 = Debug|Any CPU
		{EFB0E176-5E6E-4007-8552-A65C8B9B2100}.Release|Any CPU.ActiveCfg = Release|Any CPU
		{EFB0E176-5E6E-4007-8552-A65C8B9B2100}.Release|Any CPU.Build.0 = Release|Any CPU
		{EFB0E176-5E6E-4007-8552-A65C8B9B2100}.Release|x64.ActiveCfg = Release|Any CPU
		{EFB0E176-5E6E-4007-8552-A65C8B9B2100}.Release|x64.Build.0 = Release|Any CPU
		{EFB0E176-5E6E-4007-8552-A65C8B9B2100}.Release|x86.ActiveCfg = Release|Any CPU
		{EFB0E176-5E6E-4007-8552-A65C8B9B2100}.Release|x86.Build.0 = Release|Any CPU
	EndGlobalSection
	GlobalSection(SolutionProperties) = preSolution
		HideSolutionNode = FALSE
	EndGlobalSection
	GlobalSection(ExtensibilityGlobals) = postSolution
		SolutionGuid = {50D01B61-154A-4C56-A7B3-BC590BE0B0A6}
	EndGlobalSection
EndGlobal
